{
  "name": "@ianlangs/mathscript",
  "version": "1.7.1",
  "lockfileVersion": 3,
  "requires": true,
  "packages": {
    "": {
      "name": "@ianlangs/mathscript",
      "version": "1.7.1",
      "license": "MIT",
      "dependencies": {
        "mslibs": "^1.0.1"
      },
      "bin": {
        "mpm": "mpm/mpm.js",
        "ms-node": "src/msnode.js",
        "msc": "src/msc.js"
      }
    },
    "node_modules/mslibs": {
      "version": "1.0.1",
      "resolved": "https://registry.npmjs.org/mslibs/-/mslibs-1.0.1.tgz",
      "integrity": "sha512-Jdy1xoFHC9obL/dFG6Yr5rR6iX0+5QlpquVFgU775mU/W/tPXKiXJiVv8jsA+SCYO27hagl9/nTCwNVnXnaJ7Q==",
      "license": "ISC"
    }
  }
}
